
Microsoft Visual Studio Solution File, Format Version 12.00
# Visual Studio 2012
Project("{8BC9CEB8-8B4A-11D0-8D11-00A0C91BC942}") = "Bahaviour tree", "Bahaviour tree\Bahaviour tree.vcxproj", "{4B8ADD89-0BE1-436F-BA35-6EE9E0F40215}"
EndProject
Project("{8BC9CEB8-8B4A-11D0-8D11-00A0C91BC942}") = "NavMesh", "Tut 04 - Advanced Navigation\NavMesh.vcxproj", "{CEEB4D60-8317-4E9B-ADED-BD9625EA8489}"
EndProject
Global
	GlobalSection(SolutionConfigurationPlatforms) = preSolution
		Debug|Win32 = Debug|Win32
		Release|Win32 = Release|Win32
	EndGlobalSection
	GlobalSection(ProjectConfigurationPlatforms) = postSolution
		{4B8ADD89-0BE1-436F-BA35-6EE9E0F40215}.Debug|Win32.ActiveCfg = Debug|Win32
		{4B8ADD89-0BE1-436F-BA35-6EE9E0F40215}.Debug|Win32.Build.0 = Debug|Win32
		{4B8ADD89-0BE1-436F-BA35-6EE9E0F40215}.Release|Win32.ActiveCfg = Release|Win32
		{4B8ADD89-0BE1-436F-BA35-6EE9E0F40215}.Release|Win32.Build.0 = Release|Win32
		{CEEB4D60-8317-4E9B-ADED-BD9625EA8489}.Debug|Win32.ActiveCfg = Debug|Win32
		{CEEB4D60-8317-4E9B-ADED-BD9625EA8489}.Debug|Win32.Build.0 = Debug|Win32
		{CEEB4D60-8317-4E9B-ADED-BD9625EA8489}.Release|Win32.ActiveCfg = Release|Win32
		{CEEB4D60-8317-4E9B-ADED-BD9625EA8489}.Release|Win32.Build.0 = Release|Win32
	EndGlobalSection
	GlobalSection(SolutionProperties) = preSolution
		HideSolutionNode = FALSE
	EndGlobalSection
EndGlobal
